{
  "requires": true,
  "lockfileVersion": 1,
  "dependencies": {
    "leaflet": {
      "version": "1.5.1",
      "resolved": "https://registry.npmjs.org/leaflet/-/leaflet-1.5.1.tgz",
      "integrity": "sha512-ekM9KAeG99tYisNBg0IzEywAlp0hYI5XRipsqRXyRTeuU8jcuntilpp+eFf5gaE0xubc9RuSNIVtByEKwqFV0w=="
    },
    "leaflet-maskcanvas": {
      "version": "1.0.0",
      "resolved": "https://registry.npmjs.org/leaflet-maskcanvas/-/leaflet-maskcanvas-1.0.0.tgz",
      "integrity": "sha512-uADKXRd3NlTcvh9cX2J5YSRcuCgJjJpjKXgU+gaXjTX0De6gLxSZrK0kEzsRCOguC6VvVViXETQKCM+ArdecvA=="
    },
    "wrld.js": {
      "version": "0.1.2102",
      "resolved": "https://registry.npmjs.org/wrld.js/-/wrld.js-0.1.2102.tgz",
      "integrity": "sha512-c4STaaCRPeKlaPcRK28riYgBVhI/0pJuFxRO5JuYPvS6VIQTPWWfjkbFHztrlXm43UJ4zN5mg3OPICmeKRJS/A==",
      "requires": {
        "leaflet": "1.0.1"
      },
      "dependencies": {
        "leaflet": {
          "version": "1.0.1",
          "resolved": "https://registry.npmjs.org/leaflet/-/leaflet-1.0.1.tgz",
          "integrity": "sha1-WGjDibVWzYVIEZj/i/5ZqN4JMts="
        }
      }
    }
  }
}
